<?xml version="1.0" encoding="utf-8"?>
<Project ToolsVersion="4.0" xmlns="http://schemas.microsoft.com/developer/msbuild/2003">
  <ItemGroup>
    <Filter Include="Fichiers sources">
      <UniqueIdentifier>{4FC737F1-C7A5-4376-A066-2A32D752A2FF}</UniqueIdentifier>
      <Extensions>cpp;c;cc;cxx;c++;cppm;ixx;def;odl;idl;hpj;bat;asm;asmx</Extensions>
    </Filter>
    <Filter Include="Fichiers d%27en-tête">
      <UniqueIdentifier>{93995380-89BD-4b04-88EB-625FBE52EBFB}</UniqueIdentifier>
      <Extensions>h;hh;hpp;hxx;h++;hm;inl;inc;ipp;xsd</Extensions>
    </Filter>
    <Filter Include="Fichiers de ressources">
      <UniqueIdentifier>{67DA6AB6-F800-4c08-8B7A-83BB121AAD01}</UniqueIdentifier>
      <Extensions>rc;ico;cur;bmp;dlg;rc2;rct;bin;rgs;gif;jpg;jpeg;jpe;resx;tiff;tif;png;wav;mfcribbon-ms</Extensions>
    </Filter>
    <Filter Include="Fichiers sources\Models">
      <UniqueIdentifier>{1a8721df-3557-44f1-bea4-30dedd45a604}</UniqueIdentifier>
    </Filter>
    <Filter Include="Fichiers sources\Exceptions">
      <UniqueIdentifier>{67a658a6-f68c-407e-a4da-481049019763}</UniqueIdentifier>
    </Filter>
    <Filter Include="Fichiers d%27en-tête\Models">
      <UniqueIdentifier>{1612f7f0-6a95-4c98-a326-5e291394d710}</UniqueIdentifier>
    </Filter>
    <Filter Include="Fichiers d%27en-tête\Exceptions">
      <UniqueIdentifier>{d95f7384-49d3-476f-8f43-a03da12d0876}</UniqueIdentifier>
    </Filter>
    <Filter Include="Fichiers d%27en-tête\Utils">
      <UniqueIdentifier>{55e897d1-19bb-49b7-a985-3fa4a66d0212}</UniqueIdentifier>
    </Filter>
    <Filter Include="Fichiers sources\Utils">
      <UniqueIdentifier>{8d3e705c-f36e-4c8a-a926-f5b1e7b9c032}</UniqueIdentifier>
    </Filter>
  </ItemGroup>
  <ItemGroup>
    <ClCompile Include="MSNeoPoc.cpp">
      <Filter>Fichiers sources</Filter>
    </ClCompile>
    <ClCompile Include="SocketServer.cpp">
      <Filter>Fichiers sources\Models</Filter>
    </ClCompile>
    <ClCompile Include="SocketServerException.cpp">
      <Filter>Fichiers sources\Exceptions</Filter>
    </ClCompile>
    <ClCompile Include="MSNClient.cpp">
      <Filter>Fichiers sources\Models</Filter>
    </ClCompile>
    <ClCompile Include="StringUtils.cpp">
      <Filter>Fichiers sources\Utils</Filter>
    </ClCompile>
  </ItemGroup>
  <ItemGroup>
    <ClInclude Include="SocketServer.h">
      <Filter>Fichiers d%27en-tête\Models</Filter>
    </ClInclude>
    <ClInclude Include="SocketServerException.h">
      <Filter>Fichiers d%27en-tête\Exceptions</Filter>
    </ClInclude>
    <ClInclude Include="MSNClient.h">
      <Filter>Fichiers d%27en-tête\Models</Filter>
    </ClInclude>
    <ClInclude Include="StringUtils.h">
      <Filter>Fichiers d%27en-tête\Utils</Filter>
    </ClInclude>
  </ItemGroup>
</Project>