<?xml version="1.0" encoding="utf-8"?>
<Project ToolsVersion="4.0" xmlns="http://schemas.microsoft.com/developer/msbuild/2003">
  <ItemGroup>
    <Filter Include="Fichiers sources">
      <UniqueIdentifier>{4FC737F1-C7A5-4376-A066-2A32D752A2FF}</UniqueIdentifier>
      <Extensions>cpp;c;cc;cxx;c++;cppm;ixx;def;odl;idl;hpj;bat;asm;asmx</Extensions>
    </Filter>
    <Filter Include="Fichiers d%27en-tête">
      <UniqueIdentifier>{93995380-89BD-4b04-88EB-625FBE52EBFB}</UniqueIdentifier>
      <Extensions>h;hh;hpp;hxx;h++;hm;inl;inc;ipp;xsd</Extensions>
    </Filter>
    <Filter Include="Fichiers de ressources">
      <UniqueIdentifier>{67DA6AB6-F800-4c08-8B7A-83BB121AAD01}</UniqueIdentifier>
      <Extensions>rc;ico;cur;bmp;dlg;rc2;rct;bin;rgs;gif;jpg;jpeg;jpe;resx;tiff;tif;png;wav;mfcribbon-ms</Extensions>
    </Filter>
    <Filter Include="Fichiers sources\Models">
      <UniqueIdentifier>{1a8721df-3557-44f1-bea4-30dedd45a604}</UniqueIdentifier>
    </Filter>
    <Filter Include="Fichiers sources\Exceptions">
      <UniqueIdentifier>{67a658a6-f68c-407e-a4da-481049019763}</UniqueIdentifier>
    </Filter>
    <Filter Include="Fichiers d%27en-tête\Models">
      <UniqueIdentifier>{1612f7f0-6a95-4c98-a326-5e291394d710}</UniqueIdentifier>
    </Filter>
    <Filter Include="Fichiers d%27en-tête\Exceptions">
      <UniqueIdentifier>{d95f7384-49d3-476f-8f43-a03da12d0876}</UniqueIdentifier>
    </Filter>
    <Filter Include="Fichiers d%27en-tête\Utils">
      <UniqueIdentifier>{55e897d1-19bb-49b7-a985-3fa4a66d0212}</UniqueIdentifier>
    </Filter>
    <Filter Include="Fichiers sources\Utils">
      <UniqueIdentifier>{8d3e705c-f36e-4c8a-a926-f5b1e7b9c032}</UniqueIdentifier>
    </Filter>
    <Filter Include="Fichiers sources\Controllers">
      <UniqueIdentifier>{db19c530-20bf-49ad-8bdb-53881b45d1f4}</UniqueIdentifier>
    </Filter>
    <Filter Include="Fichiers d%27en-tête\Controllers">
      <UniqueIdentifier>{aa89ccb3-bfa7-4321-bd52-7c756816fb43}</UniqueIdentifier>
    </Filter>
    <Filter Include="Fichiers d%27en-tête\Sockets">
      <UniqueIdentifier>{86268db8-9082-4027-b63c-d62513e8efce}</UniqueIdentifier>
    </Filter>
    <Filter Include="Fichiers sources\Sockets">
      <UniqueIdentifier>{0dfa5ec1-a065-4a3e-a98c-2d843becf888}</UniqueIdentifier>
    </Filter>
    <Filter Include="Fichiers d%27en-tête\Models\MSNPCommands">
      <UniqueIdentifier>{93269b13-bee6-49eb-b6f3-122cb1fc5260}</UniqueIdentifier>
    </Filter>
    <Filter Include="Fichiers sources\Models\MSNPCommands">
      <UniqueIdentifier>{28c46596-c0b6-48ed-932a-100a17c3bbe9}</UniqueIdentifier>
    </Filter>
  </ItemGroup>
  <ItemGroup>
    <ClCompile Include="MSNeoPoc.cpp">
      <Filter>Fichiers sources</Filter>
    </ClCompile>
    <ClCompile Include="SocketServerException.cpp">
      <Filter>Fichiers sources\Exceptions</Filter>
    </ClCompile>
    <ClCompile Include="MSNClient.cpp">
      <Filter>Fichiers sources\Models</Filter>
    </ClCompile>
    <ClCompile Include="StringUtils.cpp">
      <Filter>Fichiers sources\Utils</Filter>
    </ClCompile>
    <ClCompile Include="MainController.cpp">
      <Filter>Fichiers sources\Controllers</Filter>
    </ClCompile>
    <ClCompile Include="WinSockSocket.cpp">
      <Filter>Fichiers sources\Sockets</Filter>
    </ClCompile>
    <ClCompile Include="MSNServer.cpp">
      <Filter>Fichiers sources\Models</Filter>
    </ClCompile>
    <ClCompile Include="WinSockClientSocket.cpp">
      <Filter>Fichiers sources\Sockets</Filter>
    </ClCompile>
    <ClCompile Include="ClientRepository.cpp">
      <Filter>Fichiers sources\Models</Filter>
    </ClCompile>
    <ClCompile Include="MSNSwitchboard.cpp">
      <Filter>Fichiers sources\Models</Filter>
    </ClCompile>
    <ClCompile Include="MSNPInterpreterFactory.cpp">
      <Filter>Fichiers sources\Models\MSNPCommands</Filter>
    </ClCompile>
    <ClCompile Include="MSNPCommands.cpp">
      <Filter>Fichiers sources\Models\MSNPCommands</Filter>
    </ClCompile>
  </ItemGroup>
  <ItemGroup>
    <ClInclude Include="SocketServerException.h">
      <Filter>Fichiers d%27en-tête\Exceptions</Filter>
    </ClInclude>
    <ClInclude Include="MSNClient.h">
      <Filter>Fichiers d%27en-tête\Models</Filter>
    </ClInclude>
    <ClInclude Include="StringUtils.h">
      <Filter>Fichiers d%27en-tête\Utils</Filter>
    </ClInclude>
    <ClInclude Include="MainController.h">
      <Filter>Fichiers d%27en-tête\Controllers</Filter>
    </ClInclude>
    <ClInclude Include="ISocket.h">
      <Filter>Fichiers d%27en-tête\Sockets</Filter>
    </ClInclude>
    <ClInclude Include="IClientSocket.h">
      <Filter>Fichiers d%27en-tête\Sockets</Filter>
    </ClInclude>
    <ClInclude Include="WinSockSocket.h">
      <Filter>Fichiers d%27en-tête\Sockets</Filter>
    </ClInclude>
    <ClInclude Include="MSNServer.h">
      <Filter>Fichiers d%27en-tête\Models</Filter>
    </ClInclude>
    <ClInclude Include="WinSockClientSocket.h">
      <Filter>Fichiers d%27en-tête\Sockets</Filter>
    </ClInclude>
    <ClInclude Include="ClientRepository.h">
      <Filter>Fichiers d%27en-tête\Models</Filter>
    </ClInclude>
    <ClInclude Include="MSNSwitchboard.h">
      <Filter>Fichiers d%27en-tête\Models</Filter>
    </ClInclude>
    <ClInclude Include="IMSNPCommand.h">
      <Filter>Fichiers d%27en-tête\Models\MSNPCommands</Filter>
    </ClInclude>
    <ClInclude Include="MSNPCommandFactory.h">
      <Filter>Fichiers d%27en-tête\Models\MSNPCommands</Filter>
    </ClInclude>
    <ClInclude Include="MSNPCommands.h">
      <Filter>Fichiers d%27en-tête\Models\MSNPCommands</Filter>
    </ClInclude>
  </ItemGroup>
</Project>